PODS:
  - IIHTTPRequest (1.1.4):
    - IIHTTPRequest/Connectivity (= 1.1.4)
    - IIHTTPRequest/HTTPRequest (= 1.1.4)
    - IIHTTPRequest/HTTPSource (= 1.1.4)
    - IIHTTPRequest/RealReachability (= 1.1.4)
    - III18N
  - IIHTTPRequest/Connectivity (1.1.4):
    - IIHTTPRequest/RealReachability
    - III18N
  - IIHTTPRequest/HTTPRequest (1.1.4):
    - IIHTTPRequest/Connectivity
    - IIHTTPRequest/HTTPSource
    - IIHTTPRequest/RealReachability
    - III18N
  - IIHTTPRequest/HTTPSource (1.1.4):
    - III18N
  - IIHTTPRequest/RealReachability (1.1.4):
    - III18N
  - III18N (0.8.0)

DEPENDENCIES:
  - IIHTTPRequest (from `../`)

SPEC REPOS:
  https://github.com/cocoapods/specs.git:
    - III18N

EXTERNAL SOURCES:
  IIHTTPRequest:
    :path: "../"

SPEC CHECKSUMS:
  IIHTTPRequest: 265e65d57dac790f6b4ca18d3b6e35436f424c89
  III18N: 89145d37dfb9153c1f6a4243657d07dd8033dc1b

PODFILE CHECKSUM: ddec0b6da59bc11fcf6156b72e628137a8b4e95e

COCOAPODS: 1.7.0
